
Microsoft Visual Studio Solution File, Format Version 12.00
# Visual Studio 15
VisualStudioVersion = 15.0.27428.2043
MinimumVisualStudioVersion = 10.0.40219.1
Project("{FAE04EC0-301F-11D3-BF4B-00C04F79EFBC}") = "WebApplication1", "WebApplication1\WebApplication1.csproj", "{A8E7CF8B-8767-4407-84E9-2432ACA43E1C}"
EndProject
Global
	GlobalSection(SolutionConfigurationPlatforms) = preSolution
		Debug|Any CPU = Debug|Any CPU
		Release|Any CPU = Release|Any CPU
	EndGlobalSection
	GlobalSection(ProjectConfigurationPlatforms) = postSolution
		{A8E7CF8B-8767-4407-84E9-2432ACA43E1C}.Debug|Any CPU.ActiveCfg = Debug|Any CPU
		{A8E7CF8B-8767-4407-84E9-2432ACA43E1C}.Debug|Any CPU.Build.0 = Debug|Any CPU
		{A8E7CF8B-8767-4407-84E9-2432ACA43E1C}.Release|Any CPU.ActiveCfg = Release|Any CPU
		{A8E7CF8B-8767-4407-84E9-2432ACA43E1C}.Release|Any CPU.Build.0 = Release|Any CPU
	EndGlobalSection
	GlobalSection(SolutionProperties) = preSolution
		HideSolutionNode = FALSE
	EndGlobalSection
	GlobalSection(ExtensibilityGlobals) = postSolution
		SolutionGuid = {6025D8BA-8428-4FC4-87CD-4948EACF8558}
	EndGlobalSection
EndGlobal
